
Microsoft Visual Studio Solution File, Format Version 12.00
# Visual Studio Version 16
VisualStudioVersion = 16.0.29123.89
MinimumVisualStudioVersion = 10.0.40219.1
Project("{9A19103F-16F7-4668-BE54-9A1E7A4F7556}") = "NetCorePSCore", "NetCorePSCore\NetCorePSCore.csproj", "{7A314A30-A9F6-4A71-A3E7-20A8B0086728}"
EndProject
Project("{9A19103F-16F7-4668-BE54-9A1E7A4F7556}") = "NetCore.RemotePS", "NetCore.RemotePS\NetCore.RemotePS.csproj", "{A2E7E268-4D75-40EA-9680-E26F81C3071F}"
EndProject
Project("{FAE04EC0-301F-11D3-BF4B-00C04F79EFBC}") = "NetCore.SimpleWebApi", "NetCore.SimpleWebApi\NetCore.SimpleWebApi.csproj", "{9B1BD4FF-51EF-494B-BAC7-80680D71B63B}"
EndProject
Global
	GlobalSection(SolutionConfigurationPlatforms) = preSolution
		Debug|Any CPU = Debug|Any CPU
		Release|Any CPU = Release|Any CPU
	EndGlobalSection
	GlobalSection(ProjectConfigurationPlatforms) = postSolution
		{7A314A30-A9F6-4A71-A3E7-20A8B0086728}.Debug|Any CPU.ActiveCfg = Debug|Any CPU
		{7A314A30-A9F6-4A71-A3E7-20A8B0086728}.Debug|Any CPU.Build.0 = Debug|Any CPU
		{7A314A30-A9F6-4A71-A3E7-20A8B0086728}.Release|Any CPU.ActiveCfg = Release|Any CPU
		{7A314A30-A9F6-4A71-A3E7-20A8B0086728}.Release|Any CPU.Build.0 = Release|Any CPU
		{A2E7E268-4D75-40EA-9680-E26F81C3071F}.Debug|Any CPU.ActiveCfg = Debug|Any CPU
		{A2E7E268-4D75-40EA-9680-E26F81C3071F}.Debug|Any CPU.Build.0 = Debug|Any CPU
		{A2E7E268-4D75-40EA-9680-E26F81C3071F}.Release|Any CPU.ActiveCfg = Release|Any CPU
		{A2E7E268-4D75-40EA-9680-E26F81C3071F}.Release|Any CPU.Build.0 = Release|Any CPU
		{9B1BD4FF-51EF-494B-BAC7-80680D71B63B}.Debug|Any CPU.ActiveCfg = Debug|Any CPU
		{9B1BD4FF-51EF-494B-BAC7-80680D71B63B}.Debug|Any CPU.Build.0 = Debug|Any CPU
		{9B1BD4FF-51EF-494B-BAC7-80680D71B63B}.Release|Any CPU.ActiveCfg = Release|Any CPU
		{9B1BD4FF-51EF-494B-BAC7-80680D71B63B}.Release|Any CPU.Build.0 = Release|Any CPU
	EndGlobalSection
	GlobalSection(SolutionProperties) = preSolution
		HideSolutionNode = FALSE
	EndGlobalSection
	GlobalSection(ExtensibilityGlobals) = postSolution
		SolutionGuid = {6D49FBD7-61D0-49BE-A806-B401155D2124}
	EndGlobalSection
EndGlobal
