
Microsoft Visual Studio Solution File, Format Version 12.00
# Visual Studio Version 17
VisualStudioVersion = 17.0.31903.59
MinimumVisualStudioVersion = 10.0.40219.1
Project("{FAE04EC0-301F-11D3-BF4B-00C04F79EFBC}") = "ExOonNet6", "ExOonNet6\ExOonNet6.csproj", "{02D06BCF-F58C-43BF-BAFE-53F0501BBD15}"
EndProject
Global
	GlobalSection(SolutionConfigurationPlatforms) = preSolution
		Debug|Any CPU = Debug|Any CPU
		Release|Any CPU = Release|Any CPU
	EndGlobalSection
	GlobalSection(ProjectConfigurationPlatforms) = postSolution
		{02D06BCF-F58C-43BF-BAFE-53F0501BBD15}.Debug|Any CPU.ActiveCfg = Debug|Any CPU
		{02D06BCF-F58C-43BF-BAFE-53F0501BBD15}.Debug|Any CPU.Build.0 = Debug|Any CPU
		{02D06BCF-F58C-43BF-BAFE-53F0501BBD15}.Release|Any CPU.ActiveCfg = Release|Any CPU
		{02D06BCF-F58C-43BF-BAFE-53F0501BBD15}.Release|Any CPU.Build.0 = Release|Any CPU
	EndGlobalSection
	GlobalSection(SolutionProperties) = preSolution
		HideSolutionNode = FALSE
	EndGlobalSection
	GlobalSection(ExtensibilityGlobals) = postSolution
		SolutionGuid = {FED9A4CB-AE37-4A34-A748-5737DD9C9C2F}
	EndGlobalSection
EndGlobal
